// !$*UTF8*$!
{
	archiveVersion = 1;
	classes = {
	};
	objectVersion = 52;
	objects = {

/* Begin PBXBuildFile section */
		1D0B594B23FDC4F800135BDC /* cardsSingleton.swift in Sources */ = {isa = PBXBuildFile; fileRef = 1D0B594A23FDC4F800135BDC /* cardsSingleton.swift */; };
		1D1DE25023FDBC2D00861655 /* ItemsViewController.swift in Sources */ = {isa = PBXBuildFile; fileRef = 1D1DE24F23FDBC2D00861655 /* ItemsViewController.swift */; };
		1D32F42523FC59EF0078EDC3 /* CardSetterViewController.swift in Sources */ = {isa = PBXBuildFile; fileRef = 1D32F42423FC59EF0078EDC3 /* CardSetterViewController.swift */; };
		1DA4ECC923FC1929007C99A4 /* RootViewController.swift in Sources */ = {isa = PBXBuildFile; fileRef = 1DA4ECC823FC1929007C99A4 /* RootViewController.swift */; };
		1DAF125823FD605600B5F8F5 /* cardData.swift in Sources */ = {isa = PBXBuildFile; fileRef = 1DAF125723FD605600B5F8F5 /* cardData.swift */; };
		1DAF125923FD605600B5F8F5 /* cardData.swift in Sources */ = {isa = PBXBuildFile; fileRef = 1DAF125723FD605600B5F8F5 /* cardData.swift */; };
		1DD3AD1223FD959100BCABA2 /* libsqlite3.tbd in Frameworks */ = {isa = PBXBuildFile; fileRef = 1DD3AD1123FD958100BCABA2 /* libsqlite3.tbd */; };
		1DD7A35823FA8BF800280894 /* AppDelegate.swift in Sources */ = {isa = PBXBuildFile; fileRef = 1DD7A35723FA8BF800280894 /* AppDelegate.swift */; };
		1DD7A35A23FA8BF800280894 /* SceneDelegate.swift in Sources */ = {isa = PBXBuildFile; fileRef = 1DD7A35923FA8BF800280894 /* SceneDelegate.swift */; };
		1DD7A35F23FA8BF800280894 /* Main.storyboard in Resources */ = {isa = PBXBuildFile; fileRef = 1DD7A35D23FA8BF800280894 /* Main.storyboard */; };
		1DD7A36123FA8BFB00280894 /* Assets.xcassets in Resources */ = {isa = PBXBuildFile; fileRef = 1DD7A36023FA8BFB00280894 /* Assets.xcassets */; };
		1DD7A36423FA8BFB00280894 /* LaunchScreen.storyboard in Resources */ = {isa = PBXBuildFile; fileRef = 1DD7A36223FA8BFB00280894 /* LaunchScreen.storyboard */; };
		1DD7A36F23FA8BFB00280894 /* NoteAntidoteTests.swift in Sources */ = {isa = PBXBuildFile; fileRef = 1DD7A36E23FA8BFB00280894 /* NoteAntidoteTests.swift */; };
		1DD7A37A23FA8BFC00280894 /* NoteAntidoteUITests.swift in Sources */ = {isa = PBXBuildFile; fileRef = 1DD7A37923FA8BFC00280894 /* NoteAntidoteUITests.swift */; platformFilter = ios; };
		1DD7A38C23FA997E00280894 /* CardTableViewCell.swift in Sources */ = {isa = PBXBuildFile; fileRef = 1DD7A38B23FA997E00280894 /* CardTableViewCell.swift */; };
		1DD7A38E23FABAA700280894 /* CardTableViewController.swift in Sources */ = {isa = PBXBuildFile; fileRef = 1DD7A38D23FABAA700280894 /* CardTableViewController.swift */; };
		1DF2C6CF23FB0644004FCB5A /* Task.swift in Sources */ = {isa = PBXBuildFile; fileRef = 1DF2C6CE23FB0644004FCB5A /* Task.swift */; };
		1DF2C6D023FB0644004FCB5A /* Task.swift in Sources */ = {isa = PBXBuildFile; fileRef = 1DF2C6CE23FB0644004FCB5A /* Task.swift */; };
		1DF2C6D223FB0652004FCB5A /* Card.swift in Sources */ = {isa = PBXBuildFile; fileRef = 1DF2C6D123FB0652004FCB5A /* Card.swift */; };
		1DF2C6D323FB0652004FCB5A /* Card.swift in Sources */ = {isa = PBXBuildFile; fileRef = 1DF2C6D123FB0652004FCB5A /* Card.swift */; };
/* End PBXBuildFile section */

/* Begin PBXContainerItemProxy section */
		1DD7A36B23FA8BFB00280894 /* PBXContainerItemProxy */ = {
			isa = PBXContainerItemProxy;
			containerPortal = 1DD7A34C23FA8BF800280894 /* Project object */;
			proxyType = 1;
			remoteGlobalIDString = 1DD7A35323FA8BF800280894;
			remoteInfo = NoteAntidote;
		};
		1DD7A37623FA8BFC00280894 /* PBXContainerItemProxy */ = {
			isa = PBXContainerItemProxy;
			containerPortal = 1DD7A34C23FA8BF800280894 /* Project object */;
			proxyType = 1;
			remoteGlobalIDString = 1DD7A35323FA8BF800280894;
			remoteInfo = NoteAntidote;
		};
/* End PBXContainerItemProxy section */

/* Begin PBXFileReference section */
		1D0B594A23FDC4F800135BDC /* cardsSingleton.swift */ = {isa = PBXFileReference; lastKnownFileType = sourcecode.swift; path = cardsSingleton.swift; sourceTree = "<group>"; };
		1D1DE24F23FDBC2D00861655 /* ItemsViewController.swift */ = {isa = PBXFileReference; lastKnownFileType = sourcecode.swift; path = ItemsViewController.swift; sourceTree = "<group>"; };
		1D32F42423FC59EF0078EDC3 /* CardSetterViewController.swift */ = {isa = PBXFileReference; fileEncoding = 4; lastKnownFileType = sourcecode.swift; path = CardSetterViewController.swift; sourceTree = "<group>"; };
		1DA4ECC823FC1929007C99A4 /* RootViewController.swift */ = {isa = PBXFileReference; lastKnownFileType = sourcecode.swift; path = RootViewController.swift; sourceTree = "<group>"; };
		1DAF125723FD605600B5F8F5 /* cardData.swift */ = {isa = PBXFileReference; lastKnownFileType = sourcecode.swift; path = cardData.swift; sourceTree = "<group>"; };
		1DD3AD1123FD958100BCABA2 /* libsqlite3.tbd */ = {isa = PBXFileReference; lastKnownFileType = "sourcecode.text-based-dylib-definition"; name = libsqlite3.tbd; path = usr/lib/libsqlite3.tbd; sourceTree = SDKROOT; };
		1DD7A35423FA8BF800280894 /* Cards.app */ = {isa = PBXFileReference; explicitFileType = wrapper.application; includeInIndex = 0; path = Cards.app; sourceTree = BUILT_PRODUCTS_DIR; };
		1DD7A35723FA8BF800280894 /* AppDelegate.swift */ = {isa = PBXFileReference; lastKnownFileType = sourcecode.swift; path = AppDelegate.swift; sourceTree = "<group>"; };
		1DD7A35923FA8BF800280894 /* SceneDelegate.swift */ = {isa = PBXFileReference; lastKnownFileType = sourcecode.swift; path = SceneDelegate.swift; sourceTree = "<group>"; };
		1DD7A35E23FA8BF800280894 /* Base */ = {isa = PBXFileReference; lastKnownFileType = file.storyboard; name = Base; path = Base.lproj/Main.storyboard; sourceTree = "<group>"; };
		1DD7A36023FA8BFB00280894 /* Assets.xcassets */ = {isa = PBXFileReference; lastKnownFileType = folder.assetcatalog; path = Assets.xcassets; sourceTree = "<group>"; };
		1DD7A36323FA8BFB00280894 /* Base */ = {isa = PBXFileReference; lastKnownFileType = file.storyboard; name = Base; path = Base.lproj/LaunchScreen.storyboard; sourceTree = "<group>"; };
		1DD7A36523FA8BFB00280894 /* Info.plist */ = {isa = PBXFileReference; lastKnownFileType = text.plist.xml; path = Info.plist; sourceTree = "<group>"; };
		1DD7A36A23FA8BFB00280894 /* NoteAntidoteTests.xctest */ = {isa = PBXFileReference; explicitFileType = wrapper.cfbundle; includeInIndex = 0; path = NoteAntidoteTests.xctest; sourceTree = BUILT_PRODUCTS_DIR; };
		1DD7A36E23FA8BFB00280894 /* NoteAntidoteTests.swift */ = {isa = PBXFileReference; lastKnownFileType = sourcecode.swift; path = NoteAntidoteTests.swift; sourceTree = "<group>"; };
		1DD7A37023FA8BFB00280894 /* Info.plist */ = {isa = PBXFileReference; lastKnownFileType = text.plist.xml; path = Info.plist; sourceTree = "<group>"; };
		1DD7A37523FA8BFC00280894 /* NoteAntidoteUITests.xctest */ = {isa = PBXFileReference; explicitFileType = wrapper.cfbundle; includeInIndex = 0; path = NoteAntidoteUITests.xctest; sourceTree = BUILT_PRODUCTS_DIR; };
		1DD7A37923FA8BFC00280894 /* NoteAntidoteUITests.swift */ = {isa = PBXFileReference; lastKnownFileType = sourcecode.swift; path = NoteAntidoteUITests.swift; sourceTree = "<group>"; };
		1DD7A37B23FA8BFC00280894 /* Info.plist */ = {isa = PBXFileReference; lastKnownFileType = text.plist.xml; path = Info.plist; sourceTree = "<group>"; };
		1DD7A38B23FA997E00280894 /* CardTableViewCell.swift */ = {isa = PBXFileReference; lastKnownFileType = sourcecode.swift; path = CardTableViewCell.swift; sourceTree = "<group>"; };
		1DD7A38D23FABAA700280894 /* CardTableViewController.swift */ = {isa = PBXFileReference; lastKnownFileType = sourcecode.swift; path = CardTableViewController.swift; sourceTree = "<group>"; };
		1DF2C6CE23FB0644004FCB5A /* Task.swift */ = {isa = PBXFileReference; lastKnownFileType = sourcecode.swift; path = Task.swift; sourceTree = "<group>"; };
		1DF2C6D123FB0652004FCB5A /* Card.swift */ = {isa = PBXFileReference; lastKnownFileType = sourcecode.swift; path = Card.swift; sourceTree = "<group>"; };
/* End PBXFileReference section */

/* Begin PBXFrameworksBuildPhase section */
		1DD7A35123FA8BF800280894 /* Frameworks */ = {
			isa = PBXFrameworksBuildPhase;
			buildActionMask = 2147483647;
			files = (
				1DD3AD1223FD959100BCABA2 /* libsqlite3.tbd in Frameworks */,
			);
			runOnlyForDeploymentPostprocessing = 0;
		};
		1DD7A36723FA8BFB00280894 /* Frameworks */ = {
			isa = PBXFrameworksBuildPhase;
			buildActionMask = 2147483647;
			files = (
			);
			runOnlyForDeploymentPostprocessing = 0;
		};
		1DD7A37223FA8BFC00280894 /* Frameworks */ = {
			isa = PBXFrameworksBuildPhase;
			buildActionMask = 2147483647;
			files = (
			);
			runOnlyForDeploymentPostprocessing = 0;
		};
/* End PBXFrameworksBuildPhase section */

/* Begin PBXGroup section */
		1D0B594C23FDC53000135BDC /* misc */ = {
			isa = PBXGroup;
			children = (
				1D0B594A23FDC4F800135BDC /* cardsSingleton.swift */,
			);
			path = misc;
			sourceTree = "<group>";
		};
		1DA4ECC323FB1F99007C99A4 /* Frameworks */ = {
			isa = PBXGroup;
			children = (
				1DD3AD1123FD958100BCABA2 /* libsqlite3.tbd */,
			);
			name = Frameworks;
			sourceTree = "<group>";
		};
		1DA4ECCC23FC310B007C99A4 /* View Controllers */ = {
			isa = PBXGroup;
			children = (
			);
			path = "View Controllers";
			sourceTree = "<group>";
		};
		1DD7A34B23FA8BF800280894 = {
			isa = PBXGroup;
			children = (
				1DD7A35623FA8BF800280894 /* NoteAntidote */,
				1DD7A36D23FA8BFB00280894 /* NoteAntidoteTests */,
				1DD7A37823FA8BFC00280894 /* NoteAntidoteUITests */,
				1DD7A35523FA8BF800280894 /* Products */,
				1DA4ECC323FB1F99007C99A4 /* Frameworks */,
			);
			sourceTree = "<group>";
		};
		1DD7A35523FA8BF800280894 /* Products */ = {
			isa = PBXGroup;
			children = (
				1DD7A35423FA8BF800280894 /* Cards.app */,
				1DD7A36A23FA8BFB00280894 /* NoteAntidoteTests.xctest */,
				1DD7A37523FA8BFC00280894 /* NoteAntidoteUITests.xctest */,
			);
			name = Products;
			sourceTree = "<group>";
		};
		1DD7A35623FA8BF800280894 /* NoteAntidote */ = {
			isa = PBXGroup;
			children = (
				1D32F42423FC59EF0078EDC3 /* CardSetterViewController.swift */,
				1DD7A35723FA8BF800280894 /* AppDelegate.swift */,
				1DD7A35923FA8BF800280894 /* SceneDelegate.swift */,
				1D1DE24F23FDBC2D00861655 /* ItemsViewController.swift */,
				1DA4ECC823FC1929007C99A4 /* RootViewController.swift */,
				1DD7A38D23FABAA700280894 /* CardTableViewController.swift */,
				1DA4ECCC23FC310B007C99A4 /* View Controllers */,
				1DD7A38B23FA997E00280894 /* CardTableViewCell.swift */,
				1DD7A35D23FA8BF800280894 /* Main.storyboard */,
				1DF2C6D423FB0656004FCB5A /* Models */,
				1DD7A36223FA8BFB00280894 /* LaunchScreen.storyboard */,
				1DD7A36023FA8BFB00280894 /* Assets.xcassets */,
				1DD7A36523FA8BFB00280894 /* Info.plist */,
			);
			path = NoteAntidote;
			sourceTree = "<group>";
		};
		1DD7A36D23FA8BFB00280894 /* NoteAntidoteTests */ = {
			isa = PBXGroup;
			children = (
				1DD7A36E23FA8BFB00280894 /* NoteAntidoteTests.swift */,
				1DD7A37023FA8BFB00280894 /* Info.plist */,
			);
			path = NoteAntidoteTests;
			sourceTree = "<group>";
		};
		1DD7A37823FA8BFC00280894 /* NoteAntidoteUITests */ = {
			isa = PBXGroup;
			children = (
				1DD7A37923FA8BFC00280894 /* NoteAntidoteUITests.swift */,
				1DD7A37B23FA8BFC00280894 /* Info.plist */,
			);
			path = NoteAntidoteUITests;
			sourceTree = "<group>";
		};
		1DF2C6D423FB0656004FCB5A /* Models */ = {
			isa = PBXGroup;
			children = (
				1DF2C6CE23FB0644004FCB5A /* Task.swift */,
				1DF2C6D123FB0652004FCB5A /* Card.swift */,
				1DAF125723FD605600B5F8F5 /* cardData.swift */,
				1D0B594C23FDC53000135BDC /* misc */,
			);
			path = Models;
			sourceTree = "<group>";
		};
/* End PBXGroup section */

/* Begin PBXNativeTarget section */
		1DD7A35323FA8BF800280894 /* NoteAntidote */ = {
			isa = PBXNativeTarget;
			buildConfigurationList = 1DD7A37E23FA8BFC00280894 /* Build configuration list for PBXNativeTarget "NoteAntidote" */;
			buildPhases = (
				1DD7A35023FA8BF800280894 /* Sources */,
				1DD7A35123FA8BF800280894 /* Frameworks */,
				1DD7A35223FA8BF800280894 /* Resources */,
			);
			buildRules = (
			);
			dependencies = (
			);
			name = NoteAntidote;
			packageProductDependencies = (
			);
			productName = NoteAntidote;
			productReference = 1DD7A35423FA8BF800280894 /* Cards.app */;
			productType = "com.apple.product-type.application";
		};
		1DD7A36923FA8BFB00280894 /* NoteAntidoteTests */ = {
			isa = PBXNativeTarget;
			buildConfigurationList = 1DD7A38123FA8BFC00280894 /* Build configuration list for PBXNativeTarget "NoteAntidoteTests" */;
			buildPhases = (
				1DD7A36623FA8BFB00280894 /* Sources */,
				1DD7A36723FA8BFB00280894 /* Frameworks */,
				1DD7A36823FA8BFB00280894 /* Resources */,
			);
			buildRules = (
			);
			dependencies = (
				1DD7A36C23FA8BFB00280894 /* PBXTargetDependency */,
			);
			name = NoteAntidoteTests;
			packageProductDependencies = (
			);
			productName = NoteAntidoteTests;
			productReference = 1DD7A36A23FA8BFB00280894 /* NoteAntidoteTests.xctest */;
			productType = "com.apple.product-type.bundle.unit-test";
		};
		1DD7A37423FA8BFC00280894 /* NoteAntidoteUITests */ = {
			isa = PBXNativeTarget;
			buildConfigurationList = 1DD7A38423FA8BFC00280894 /* Build configuration list for PBXNativeTarget "NoteAntidoteUITests" */;
			buildPhases = (
				1DD7A37123FA8BFC00280894 /* Sources */,
				1DD7A37223FA8BFC00280894 /* Frameworks */,
				1DD7A37323FA8BFC00280894 /* Resources */,
			);
			buildRules = (
			);
			dependencies = (
				1DD7A37723FA8BFC00280894 /* PBXTargetDependency */,
			);
			name = NoteAntidoteUITests;
			packageProductDependencies = (
			);
			productName = NoteAntidoteUITests;
			productReference = 1DD7A37523FA8BFC00280894 /* NoteAntidoteUITests.xctest */;
			productType = "com.apple.product-type.bundle.ui-testing";
		};
/* End PBXNativeTarget section */

/* Begin PBXProject section */
		1DD7A34C23FA8BF800280894 /* Project object */ = {
			isa = PBXProject;
			attributes = {
				KnownAssetTags = (
					1,
				);
				LastSwiftUpdateCheck = 1120;
				LastUpgradeCheck = 1120;
				ORGANIZATIONNAME = "Лиза  Малиновская";
				TargetAttributes = {
					1DD7A35323FA8BF800280894 = {
						CreatedOnToolsVersion = 11.2.1;
					};
					1DD7A36923FA8BFB00280894 = {
						CreatedOnToolsVersion = 11.2.1;
						TestTargetID = 1DD7A35323FA8BF800280894;
					};
					1DD7A37423FA8BFC00280894 = {
						CreatedOnToolsVersion = 11.2.1;
						TestTargetID = 1DD7A35323FA8BF800280894;
					};
				};
			};
			buildConfigurationList = 1DD7A34F23FA8BF800280894 /* Build configuration list for PBXProject "NoteAntidote" */;
			compatibilityVersion = "Xcode 11.0";
			developmentRegion = en;
			hasScannedForEncodings = 0;
			knownRegions = (
				en,
				Base,
			);
			mainGroup = 1DD7A34B23FA8BF800280894;
			packageReferences = (
				1DB86B2223FD8A9200D72980 /* XCRemoteSwiftPackageReference "Swift-Kuery-PostgreSQL" */,
			);
			productRefGroup = 1DD7A35523FA8BF800280894 /* Products */;
			projectDirPath = "";
			projectRoot = "";
			targets = (
				1DD7A35323FA8BF800280894 /* NoteAntidote */,
				1DD7A36923FA8BFB00280894 /* NoteAntidoteTests */,
				1DD7A37423FA8BFC00280894 /* NoteAntidoteUITests */,
			);
		};
/* End PBXProject section */

/* Begin PBXResourcesBuildPhase section */
		1DD7A35223FA8BF800280894 /* Resources */ = {
			isa = PBXResourcesBuildPhase;
			buildActionMask = 2147483647;
			files = (
				1DD7A36423FA8BFB00280894 /* LaunchScreen.storyboard in Resources */,
				1DD7A36123FA8BFB00280894 /* Assets.xcassets in Resources */,
				1DD7A35F23FA8BF800280894 /* Main.storyboard in Resources */,
			);
			runOnlyForDeploymentPostprocessing = 0;
		};
		1DD7A36823FA8BFB00280894 /* Resources */ = {
			isa = PBXResourcesBuildPhase;
			buildActionMask = 2147483647;
			files = (
			);
			runOnlyForDeploymentPostprocessing = 0;
		};
		1DD7A37323FA8BFC00280894 /* Resources */ = {
			isa = PBXResourcesBuildPhase;
			buildActionMask = 2147483647;
			files = (
			);
			runOnlyForDeploymentPostprocessing = 0;
		};
/* End PBXResourcesBuildPhase section */

/* Begin PBXSourcesBuildPhase section */
		1DD7A35023FA8BF800280894 /* Sources */ = {
			isa = PBXSourcesBuildPhase;
			buildActionMask = 2147483647;
			files = (
				1DD7A38C23FA997E00280894 /* CardTableViewCell.swift in Sources */,
				1DF2C6D223FB0652004FCB5A /* Card.swift in Sources */,
				1D32F42523FC59EF0078EDC3 /* CardSetterViewController.swift in Sources */,
				1DD7A35823FA8BF800280894 /* AppDelegate.swift in Sources */,
				1DAF125823FD605600B5F8F5 /* cardData.swift in Sources */,
				1D1DE25023FDBC2D00861655 /* ItemsViewController.swift in Sources */,
				1D0B594B23FDC4F800135BDC /* cardsSingleton.swift in Sources */,
				1DD7A35A23FA8BF800280894 /* SceneDelegate.swift in Sources */,
				1DF2C6CF23FB0644004FCB5A /* Task.swift in Sources */,
				1DA4ECC923FC1929007C99A4 /* RootViewController.swift in Sources */,
				1DD7A38E23FABAA700280894 /* CardTableViewController.swift in Sources */,
			);
			runOnlyForDeploymentPostprocessing = 0;
		};
		1DD7A36623FA8BFB00280894 /* Sources */ = {
			isa = PBXSourcesBuildPhase;
			buildActionMask = 2147483647;
			files = (
				1DF2C6D023FB0644004FCB5A /* Task.swift in Sources */,
				1DAF125923FD605600B5F8F5 /* cardData.swift in Sources */,
				1DF2C6D323FB0652004FCB5A /* Card.swift in Sources */,
				1DD7A36F23FA8BFB00280894 /* NoteAntidoteTests.swift in Sources */,
			);
			runOnlyForDeploymentPostprocessing = 0;
		};
		1DD7A37123FA8BFC00280894 /* Sources */ = {
			isa = PBXSourcesBuildPhase;
			buildActionMask = 2147483647;
			files = (
				1DD7A37A23FA8BFC00280894 /* NoteAntidoteUITests.swift in Sources */,
			);
			runOnlyForDeploymentPostprocessing = 0;
		};
/* End PBXSourcesBuildPhase section */

/* Begin PBXTargetDependency section */
		1DD7A36C23FA8BFB00280894 /* PBXTargetDependency */ = {
			isa = PBXTargetDependency;
			target = 1DD7A35323FA8BF800280894 /* NoteAntidote */;
			targetProxy = 1DD7A36B23FA8BFB00280894 /* PBXContainerItemProxy */;
		};
		1DD7A37723FA8BFC00280894 /* PBXTargetDependency */ = {
			isa = PBXTargetDependency;
			target = 1DD7A35323FA8BF800280894 /* NoteAntidote */;
			targetProxy = 1DD7A37623FA8BFC00280894 /* PBXContainerItemProxy */;
		};
/* End PBXTargetDependency section */

/* Begin PBXVariantGroup section */
		1DD7A35D23FA8BF800280894 /* Main.storyboard */ = {
			isa = PBXVariantGroup;
			children = (
				1DD7A35E23FA8BF800280894 /* Base */,
			);
			name = Main.storyboard;
			sourceTree = "<group>";
		};
		1DD7A36223FA8BFB00280894 /* LaunchScreen.storyboard */ = {
			isa = PBXVariantGroup;
			children = (
				1DD7A36323FA8BFB00280894 /* Base */,
			);
			name = LaunchScreen.storyboard;
			sourceTree = "<group>";
		};
/* End PBXVariantGroup section */

/* Begin XCBuildConfiguration section */
		1DD7A37C23FA8BFC00280894 /* Debug */ = {
			isa = XCBuildConfiguration;
			buildSettings = {
				ALWAYS_SEARCH_USER_PATHS = NO;
				CLANG_ANALYZER_NONNULL = YES;
				CLANG_ANALYZER_NUMBER_OBJECT_CONVERSION = YES_AGGRESSIVE;
				CLANG_CXX_LANGUAGE_STANDARD = "gnu++14";
				CLANG_CXX_LIBRARY = "libc++";
				CLANG_ENABLE_MODULES = YES;
				CLANG_ENABLE_OBJC_ARC = YES;
				CLANG_ENABLE_OBJC_WEAK = YES;
				CLANG_WARN_BLOCK_CAPTURE_AUTORELEASING = YES;
				CLANG_WARN_BOOL_CONVERSION = YES;
				CLANG_WARN_COMMA = YES;
				CLANG_WARN_CONSTANT_CONVERSION = YES;
				CLANG_WARN_DEPRECATED_OBJC_IMPLEMENTATIONS = YES;
				CLANG_WARN_DIRECT_OBJC_ISA_USAGE = YES_ERROR;
				CLANG_WARN_DOCUMENTATION_COMMENTS = YES;
				CLANG_WARN_EMPTY_BODY = YES;
				CLANG_WARN_ENUM_CONVERSION = YES;
				CLANG_WARN_INFINITE_RECURSION = YES;
				CLANG_WARN_INT_CONVERSION = YES;
				CLANG_WARN_NON_LITERAL_NULL_CONVERSION = YES;
				CLANG_WARN_OBJC_IMPLICIT_RETAIN_SELF = YES;
				CLANG_WARN_OBJC_LITERAL_CONVERSION = YES;
				CLANG_WARN_OBJC_ROOT_CLASS = YES_ERROR;
				CLANG_WARN_RANGE_LOOP_ANALYSIS = YES;
				CLANG_WARN_STRICT_PROTOTYPES = YES;
				CLANG_WARN_SUSPICIOUS_MOVE = YES;
				CLANG_WARN_UNGUARDED_AVAILABILITY = YES_AGGRESSIVE;
				CLANG_WARN_UNREACHABLE_CODE = YES;
				CLANG_WARN__DUPLICATE_METHOD_MATCH = YES;
				COPY_PHASE_STRIP = NO;
				DEBUG_INFORMATION_FORMAT = dwarf;
				ENABLE_STRICT_OBJC_MSGSEND = YES;
				ENABLE_TESTABILITY = YES;
				GCC_C_LANGUAGE_STANDARD = gnu11;
				GCC_DYNAMIC_NO_PIC = NO;
				GCC_NO_COMMON_BLOCKS = YES;
				GCC_OPTIMIZATION_LEVEL = 0;
				GCC_PREPROCESSOR_DEFINITIONS = (
					"DEBUG=1",
					"$(inherited)",
				);
				GCC_WARN_64_TO_32_BIT_CONVERSION = YES;
				GCC_WARN_ABOUT_RETURN_TYPE = YES_ERROR;
				GCC_WARN_UNDECLARED_SELECTOR = YES;
				GCC_WARN_UNINITIALIZED_AUTOS = YES_AGGRESSIVE;
				GCC_WARN_UNUSED_FUNCTION = YES;
				GCC_WARN_UNUSED_VARIABLE = YES;
				IPHONEOS_DEPLOYMENT_TARGET = 13.2;
				MTL_ENABLE_DEBUG_INFO = INCLUDE_SOURCE;
				MTL_FAST_MATH = YES;
				ONLY_ACTIVE_ARCH = YES;
				SDKROOT = iphoneos;
				SWIFT_ACTIVE_COMPILATION_CONDITIONS = DEBUG;
				SWIFT_OPTIMIZATION_LEVEL = "-Onone";
			};
			name = Debug;
		};
		1DD7A37D23FA8BFC00280894 /* Release */ = {
			isa = XCBuildConfiguration;
			buildSettings = {
				ALWAYS_SEARCH_USER_PATHS = NO;
				CLANG_ANALYZER_NONNULL = YES;
				CLANG_ANALYZER_NUMBER_OBJECT_CONVERSION = YES_AGGRESSIVE;
				CLANG_CXX_LANGUAGE_STANDARD = "gnu++14";
				CLANG_CXX_LIBRARY = "libc++";
				CLANG_ENABLE_MODULES = YES;
				CLANG_ENABLE_OBJC_ARC = YES;
				CLANG_ENABLE_OBJC_WEAK = YES;
				CLANG_WARN_BLOCK_CAPTURE_AUTORELEASING = YES;
				CLANG_WARN_BOOL_CONVERSION = YES;
				CLANG_WARN_COMMA = YES;
				CLANG_WARN_CONSTANT_CONVERSION = YES;
				CLANG_WARN_DEPRECATED_OBJC_IMPLEMENTATIONS = YES;
				CLANG_WARN_DIRECT_OBJC_ISA_USAGE = YES_ERROR;
				CLANG_WARN_DOCUMENTATION_COMMENTS = YES;
				CLANG_WARN_EMPTY_BODY = YES;
				CLANG_WARN_ENUM_CONVERSION = YES;
				CLANG_WARN_INFINITE_RECURSION = YES;
				CLANG_WARN_INT_CONVERSION = YES;
				CLANG_WARN_NON_LITERAL_NULL_CONVERSION = YES;
				CLANG_WARN_OBJC_IMPLICIT_RETAIN_SELF = YES;
				CLANG_WARN_OBJC_LITERAL_CONVERSION = YES;
				CLANG_WARN_OBJC_ROOT_CLASS = YES_ERROR;
				CLANG_WARN_RANGE_LOOP_ANALYSIS = YES;
				CLANG_WARN_STRICT_PROTOTYPES = YES;
				CLANG_WARN_SUSPICIOUS_MOVE = YES;
				CLANG_WARN_UNGUARDED_AVAILABILITY = YES_AGGRESSIVE;
				CLANG_WARN_UNREACHABLE_CODE = YES;
				CLANG_WARN__DUPLICATE_METHOD_MATCH = YES;
				COPY_PHASE_STRIP = NO;
				DEBUG_INFORMATION_FORMAT = "dwarf-with-dsym";
				ENABLE_NS_ASSERTIONS = NO;
				ENABLE_STRICT_OBJC_MSGSEND = YES;
				GCC_C_LANGUAGE_STANDARD = gnu11;
				GCC_NO_COMMON_BLOCKS = YES;
				GCC_WARN_64_TO_32_BIT_CONVERSION = YES;
				GCC_WARN_ABOUT_RETURN_TYPE = YES_ERROR;
				GCC_WARN_UNDECLARED_SELECTOR = YES;
				GCC_WARN_UNINITIALIZED_AUTOS = YES_AGGRESSIVE;
				GCC_WARN_UNUSED_FUNCTION = YES;
				GCC_WARN_UNUSED_VARIABLE = YES;
				IPHONEOS_DEPLOYMENT_TARGET = 13.2;
				MTL_ENABLE_DEBUG_INFO = NO;
				MTL_FAST_MATH = YES;
				SDKROOT = iphoneos;
				SWIFT_COMPILATION_MODE = wholemodule;
				SWIFT_OPTIMIZATION_LEVEL = "-O";
				VALIDATE_PRODUCT = YES;
			};
			name = Release;
		};
		1DD7A37F23FA8BFC00280894 /* Debug */ = {
			isa = XCBuildConfiguration;
			buildSettings = {
				ASSETCATALOG_COMPILER_APPICON_NAME = AppIcon;
				CODE_SIGN_STYLE = Automatic;
				DEVELOPMENT_TEAM = UNADQ24S97;
				INFOPLIST_FILE = NoteAntidote/Info.plist;
				LD_RUNPATH_SEARCH_PATHS = (
					"$(inherited)",
					"@executable_path/Frameworks",
				);
				PRODUCT_BUNDLE_IDENTIFIER = com.companyname.NoteAntidote;
				PRODUCT_NAME = Cards;
				SWIFT_VERSION = 5.0;
				TARGETED_DEVICE_FAMILY = 1;
			};
			name = Debug;
		};
		1DD7A38023FA8BFC00280894 /* Release */ = {
			isa = XCBuildConfiguration;
			buildSettings = {
				ASSETCATALOG_COMPILER_APPICON_NAME = AppIcon;
				CODE_SIGN_STYLE = Automatic;
				DEVELOPMENT_TEAM = UNADQ24S97;
				INFOPLIST_FILE = NoteAntidote/Info.plist;
				LD_RUNPATH_SEARCH_PATHS = (
					"$(inherited)",
					"@executable_path/Frameworks",
				);
				PRODUCT_BUNDLE_IDENTIFIER = com.companyname.NoteAntidote;
				PRODUCT_NAME = Cards;
				SWIFT_VERSION = 5.0;
				TARGETED_DEVICE_FAMILY = 1;
			};
			name = Release;
		};
		1DD7A38223FA8BFC00280894 /* Debug */ = {
			isa = XCBuildConfiguration;
			buildSettings = {
				ALWAYS_EMBED_SWIFT_STANDARD_LIBRARIES = YES;
				BUNDLE_LOADER = "$(TEST_HOST)";
				CODE_SIGN_STYLE = Automatic;
				DEVELOPMENT_TEAM = UNADQ24S97;
				INFOPLIST_FILE = NoteAntidoteTests/Info.plist;
				IPHONEOS_DEPLOYMENT_TARGET = 13.2;
				LD_RUNPATH_SEARCH_PATHS = (
					"$(inherited)",
					"@executable_path/Frameworks",
					"@loader_path/Frameworks",
				);
				PRODUCT_BUNDLE_IDENTIFIER = com.companyname.NoteAntidoteTests;
				PRODUCT_NAME = "$(TARGET_NAME)";
				SWIFT_VERSION = 5.0;
				TARGETED_DEVICE_FAMILY = "1,2";
				TEST_HOST = "$(BUILT_PRODUCTS_DIR)/NoteAntidote.app/NoteAntidote";
			};
			name = Debug;
		};
		1DD7A38323FA8BFC00280894 /* Release */ = {
			isa = XCBuildConfiguration;
			buildSettings = {
				ALWAYS_EMBED_SWIFT_STANDARD_LIBRARIES = YES;
				BUNDLE_LOADER = "$(TEST_HOST)";
				CODE_SIGN_STYLE = Automatic;
				DEVELOPMENT_TEAM = UNADQ24S97;
				INFOPLIST_FILE = NoteAntidoteTests/Info.plist;
				IPHONEOS_DEPLOYMENT_TARGET = 13.2;
				LD_RUNPATH_SEARCH_PATHS = (
					"$(inherited)",
					"@executable_path/Frameworks",
					"@loader_path/Frameworks",
				);
				PRODUCT_BUNDLE_IDENTIFIER = com.companyname.NoteAntidoteTests;
				PRODUCT_NAME = "$(TARGET_NAME)";
				SWIFT_VERSION = 5.0;
				TARGETED_DEVICE_FAMILY = "1,2";
				TEST_HOST = "$(BUILT_PRODUCTS_DIR)/NoteAntidote.app/NoteAntidote";
			};
			name = Release;
		};
		1DD7A38523FA8BFC00280894 /* Debug */ = {
			isa = XCBuildConfiguration;
			buildSettings = {
				ALWAYS_EMBED_SWIFT_STANDARD_LIBRARIES = YES;
				CODE_SIGN_STYLE = Automatic;
				DEVELOPMENT_TEAM = UNADQ24S97;
				INFOPLIST_FILE = NoteAntidoteUITests/Info.plist;
				LD_RUNPATH_SEARCH_PATHS = (
					"$(inherited)",
					"@executable_path/Frameworks",
					"@loader_path/Frameworks",
				);
				PRODUCT_BUNDLE_IDENTIFIER = com.companyname.NoteAntidoteUITests;
				PRODUCT_NAME = "$(TARGET_NAME)";
				SWIFT_VERSION = 5.0;
				TARGETED_DEVICE_FAMILY = "1,2";
				TEST_TARGET_NAME = NoteAntidote;
			};
			name = Debug;
		};
		1DD7A38623FA8BFC00280894 /* Release */ = {
			isa = XCBuildConfiguration;
			buildSettings = {
				ALWAYS_EMBED_SWIFT_STANDARD_LIBRARIES = YES;
				CODE_SIGN_STYLE = Automatic;
				DEVELOPMENT_TEAM = UNADQ24S97;
				INFOPLIST_FILE = NoteAntidoteUITests/Info.plist;
				LD_RUNPATH_SEARCH_PATHS = (
					"$(inherited)",
					"@executable_path/Frameworks",
					"@loader_path/Frameworks",
				);
				PRODUCT_BUNDLE_IDENTIFIER = com.companyname.NoteAntidoteUITests;
				PRODUCT_NAME = "$(TARGET_NAME)";
				SWIFT_VERSION = 5.0;
				TARGETED_DEVICE_FAMILY = "1,2";
				TEST_TARGET_NAME = NoteAntidote;
			};
			name = Release;
		};
/* End XCBuildConfiguration section */

/* Begin XCConfigurationList section */
		1DD7A34F23FA8BF800280894 /* Build configuration list for PBXProject "NoteAntidote" */ = {
			isa = XCConfigurationList;
			buildConfigurations = (
				1DD7A37C23FA8BFC00280894 /* Debug */,
				1DD7A37D23FA8BFC00280894 /* Release */,
			);
			defaultConfigurationIsVisible = 0;
			defaultConfigurationName = Release;
		};
		1DD7A37E23FA8BFC00280894 /* Build configuration list for PBXNativeTarget "NoteAntidote" */ = {
			isa = XCConfigurationList;
			buildConfigurations = (
				1DD7A37F23FA8BFC00280894 /* Debug */,
				1DD7A38023FA8BFC00280894 /* Release */,
			);
			defaultConfigurationIsVisible = 0;
			defaultConfigurationName = Release;
		};
		1DD7A38123FA8BFC00280894 /* Build configuration list for PBXNativeTarget "NoteAntidoteTests" */ = {
			isa = XCConfigurationList;
			buildConfigurations = (
				1DD7A38223FA8BFC00280894 /* Debug */,
				1DD7A38323FA8BFC00280894 /* Release */,
			);
			defaultConfigurationIsVisible = 0;
			defaultConfigurationName = Release;
		};
		1DD7A38423FA8BFC00280894 /* Build configuration list for PBXNativeTarget "NoteAntidoteUITests" */ = {
			isa = XCConfigurationList;
			buildConfigurations = (
				1DD7A38523FA8BFC00280894 /* Debug */,
				1DD7A38623FA8BFC00280894 /* Release */,
			);
			defaultConfigurationIsVisible = 0;
			defaultConfigurationName = Release;
		};
/* End XCConfigurationList section */

/* Begin XCRemoteSwiftPackageReference section */
		1DB86B2223FD8A9200D72980 /* XCRemoteSwiftPackageReference "Swift-Kuery-PostgreSQL" */ = {
			isa = XCRemoteSwiftPackageReference;
			repositoryURL = "https://github.com/IBM-Swift/Swift-Kuery-PostgreSQL.git";
			requirement = {
				kind = upToNextMajorVersion;
				minimumVersion = 2.1.1;
			};
		};
/* End XCRemoteSwiftPackageReference section */
	};
	rootObject = 1DD7A34C23FA8BF800280894 /* Project object */;
}
